// !$*UTF8*$!
{
	archiveVersion = 1;
	classes = {
	};
	objectVersion = 46;
	objects = {

/* Begin PBXBuildFile section */
		B40FCECE7BA37EC1181BBEFD /* libPods.a in Frameworks */ = {isa = PBXBuildFile; fileRef = 20D1F699E928894456295378 /* libPods.a */; };
		CDE6E5381B955D4900A56441 /* main.m in Sources */ = {isa = PBXBuildFile; fileRef = CDE6E5371B955D4900A56441 /* main.m */; };
		CDE6E53B1B955D4900A56441 /* AppDelegate.m in Sources */ = {isa = PBXBuildFile; fileRef = CDE6E53A1B955D4900A56441 /* AppDelegate.m */; };
		CDE6E53E1B955D4900A56441 /* ViewController.m in Sources */ = {isa = PBXBuildFile; fileRef = CDE6E53D1B955D4900A56441 /* ViewController.m */; };
		CDE6E5411B955D4900A56441 /* Main.storyboard in Resources */ = {isa = PBXBuildFile; fileRef = CDE6E53F1B955D4900A56441 /* Main.storyboard */; };
		CDE6E5431B955D4900A56441 /* Images.xcassets in Resources */ = {isa = PBXBuildFile; fileRef = CDE6E5421B955D4900A56441 /* Images.xcassets */; };
		CDE6E5461B955D4900A56441 /* LaunchScreen.xib in Resources */ = {isa = PBXBuildFile; fileRef = CDE6E5441B955D4900A56441 /* LaunchScreen.xib */; };
		CDE6E5521B955D4A00A56441 /* ZHNInputViewPickerTests.m in Sources */ = {isa = PBXBuildFile; fileRef = CDE6E5511B955D4A00A56441 /* ZHNInputViewPickerTests.m */; };
/* End PBXBuildFile section */

/* Begin PBXContainerItemProxy section */
		CDE6E54C1B955D4A00A56441 /* PBXContainerItemProxy */ = {
			isa = PBXContainerItemProxy;
			containerPortal = CDE6E52A1B955D4900A56441 /* Project object */;
			proxyType = 1;
			remoteGlobalIDString = CDE6E5311B955D4900A56441;
			remoteInfo = ZHNInputViewPicker;
		};
/* End PBXContainerItemProxy section */

/* Begin PBXFileReference section */
		20D1F699E928894456295378 /* libPods.a */ = {isa = PBXFileReference; explicitFileType = archive.ar; includeInIndex = 0; path = libPods.a; sourceTree = BUILT_PRODUCTS_DIR; };
		434F142FB4CCCF672B3F09EC /* Pods.release.xcconfig */ = {isa = PBXFileReference; includeInIndex = 1; lastKnownFileType = text.xcconfig; name = Pods.release.xcconfig; path = "Pods/Target Support Files/Pods/Pods.release.xcconfig"; sourceTree = "<group>"; };
		4A7C8017CA14F0E34BB52069 /* Pods.debug.xcconfig */ = {isa = PBXFileReference; includeInIndex = 1; lastKnownFileType = text.xcconfig; name = Pods.debug.xcconfig; path = "Pods/Target Support Files/Pods/Pods.debug.xcconfig"; sourceTree = "<group>"; };
		CDE6E5321B955D4900A56441 /* ZHNInputViewPicker.app */ = {isa = PBXFileReference; explicitFileType = wrapper.application; includeInIndex = 0; path = ZHNInputViewPicker.app; sourceTree = BUILT_PRODUCTS_DIR; };
		CDE6E5361B955D4900A56441 /* Info.plist */ = {isa = PBXFileReference; lastKnownFileType = text.plist.xml; path = Info.plist; sourceTree = "<group>"; };
		CDE6E5371B955D4900A56441 /* main.m */ = {isa = PBXFileReference; lastKnownFileType = sourcecode.c.objc; path = main.m; sourceTree = "<group>"; };
		CDE6E5391B955D4900A56441 /* AppDelegate.h */ = {isa = PBXFileReference; lastKnownFileType = sourcecode.c.h; path = AppDelegate.h; sourceTree = "<group>"; };
		CDE6E53A1B955D4900A56441 /* AppDelegate.m */ = {isa = PBXFileReference; lastKnownFileType = sourcecode.c.objc; path = AppDelegate.m; sourceTree = "<group>"; };
		CDE6E53C1B955D4900A56441 /* ViewController.h */ = {isa = PBXFileReference; lastKnownFileType = sourcecode.c.h; path = ViewController.h; sourceTree = "<group>"; };
		CDE6E53D1B955D4900A56441 /* ViewController.m */ = {isa = PBXFileReference; lastKnownFileType = sourcecode.c.objc; path = ViewController.m; sourceTree = "<group>"; };
		CDE6E5401B955D4900A56441 /* Base */ = {isa = PBXFileReference; lastKnownFileType = file.storyboard; name = Base; path = Base.lproj/Main.storyboard; sourceTree = "<group>"; };
		CDE6E5421B955D4900A56441 /* Images.xcassets */ = {isa = PBXFileReference; lastKnownFileType = folder.assetcatalog; path = Images.xcassets; sourceTree = "<group>"; };
		CDE6E5451B955D4900A56441 /* Base */ = {isa = PBXFileReference; lastKnownFileType = file.xib; name = Base; path = Base.lproj/LaunchScreen.xib; sourceTree = "<group>"; };
		CDE6E54B1B955D4A00A56441 /* ZHNInputViewPickerTests.xctest */ = {isa = PBXFileReference; explicitFileType = wrapper.cfbundle; includeInIndex = 0; path = ZHNInputViewPickerTests.xctest; sourceTree = BUILT_PRODUCTS_DIR; };
		CDE6E5501B955D4A00A56441 /* Info.plist */ = {isa = PBXFileReference; lastKnownFileType = text.plist.xml; path = Info.plist; sourceTree = "<group>"; };
		CDE6E5511B955D4A00A56441 /* ZHNInputViewPickerTests.m */ = {isa = PBXFileReference; lastKnownFileType = sourcecode.c.objc; path = ZHNInputViewPickerTests.m; sourceTree = "<group>"; };
/* End PBXFileReference section */

/* Begin PBXFrameworksBuildPhase section */
		CDE6E52F1B955D4900A56441 /* Frameworks */ = {
			isa = PBXFrameworksBuildPhase;
			buildActionMask = 2147483647;
			files = (
				B40FCECE7BA37EC1181BBEFD /* libPods.a in Frameworks */,
			);
			runOnlyForDeploymentPostprocessing = 0;
		};
		CDE6E5481B955D4A00A56441 /* Frameworks */ = {
			isa = PBXFrameworksBuildPhase;
			buildActionMask = 2147483647;
			files = (
			);
			runOnlyForDeploymentPostprocessing = 0;
		};
/* End PBXFrameworksBuildPhase section */

/* Begin PBXGroup section */
		6692AB6B757EBA6533664EE8 /* Frameworks */ = {
			isa = PBXGroup;
			children = (
				20D1F699E928894456295378 /* libPods.a */,
			);
			name = Frameworks;
			sourceTree = "<group>";
		};
		B197A95AD8B5A8048AB6AAA4 /* Pods */ = {
			isa = PBXGroup;
			children = (
				4A7C8017CA14F0E34BB52069 /* Pods.debug.xcconfig */,
				434F142FB4CCCF672B3F09EC /* Pods.release.xcconfig */,
			);
			name = Pods;
			sourceTree = "<group>";
		};
		CDE6E5291B955D4900A56441 = {
			isa = PBXGroup;
			children = (
				CDE6E5341B955D4900A56441 /* ZHNInputViewPicker */,
				CDE6E54E1B955D4A00A56441 /* ZHNInputViewPickerTests */,
				CDE6E5331B955D4900A56441 /* Products */,
				B197A95AD8B5A8048AB6AAA4 /* Pods */,
				6692AB6B757EBA6533664EE8 /* Frameworks */,
			);
			sourceTree = "<group>";
		};
		CDE6E5331B955D4900A56441 /* Products */ = {
			isa = PBXGroup;
			children = (
				CDE6E5321B955D4900A56441 /* ZHNInputViewPicker.app */,
				CDE6E54B1B955D4A00A56441 /* ZHNInputViewPickerTests.xctest */,
			);
			name = Products;
			sourceTree = "<group>";
		};
		CDE6E5341B955D4900A56441 /* ZHNInputViewPicker */ = {
			isa = PBXGroup;
			children = (
				CDE6E5391B955D4900A56441 /* AppDelegate.h */,
				CDE6E53A1B955D4900A56441 /* AppDelegate.m */,
				CDE6E53C1B955D4900A56441 /* ViewController.h */,
				CDE6E53D1B955D4900A56441 /* ViewController.m */,
				CDE6E53F1B955D4900A56441 /* Main.storyboard */,
				CDE6E5421B955D4900A56441 /* Images.xcassets */,
				CDE6E5441B955D4900A56441 /* LaunchScreen.xib */,
				CDE6E5351B955D4900A56441 /* Supporting Files */,
			);
			path = ZHNInputViewPicker;
			sourceTree = "<group>";
		};
		CDE6E5351B955D4900A56441 /* Supporting Files */ = {
			isa = PBXGroup;
			children = (
				CDE6E5361B955D4900A56441 /* Info.plist */,
				CDE6E5371B955D4900A56441 /* main.m */,
			);
			name = "Supporting Files";
			sourceTree = "<group>";
		};
		CDE6E54E1B955D4A00A56441 /* ZHNInputViewPickerTests */ = {
			isa = PBXGroup;
			children = (
				CDE6E5511B955D4A00A56441 /* ZHNInputViewPickerTests.m */,
				CDE6E54F1B955D4A00A56441 /* Supporting Files */,
			);
			path = ZHNInputViewPickerTests;
			sourceTree = "<group>";
		};
		CDE6E54F1B955D4A00A56441 /* Supporting Files */ = {
			isa = PBXGroup;
			children = (
				CDE6E5501B955D4A00A56441 /* Info.plist */,
			);
			name = "Supporting Files";
			sourceTree = "<group>";
		};
/* End PBXGroup section */

/* Begin PBXNativeTarget section */
		CDE6E5311B955D4900A56441 /* ZHNInputViewPicker */ = {
			isa = PBXNativeTarget;
			buildConfigurationList = CDE6E5551B955D4A00A56441 /* Build configuration list for PBXNativeTarget "ZHNInputViewPicker" */;
			buildPhases = (
				64ECA65F716316DB06622050 /* Check Pods Manifest.lock */,
				CDE6E52E1B955D4900A56441 /* Sources */,
				CDE6E52F1B955D4900A56441 /* Frameworks */,
				CDE6E5301B955D4900A56441 /* Resources */,
				18E352D8ADBE6DFE37D91C5D /* Copy Pods Resources */,
			);
			buildRules = (
			);
			dependencies = (
			);
			name = ZHNInputViewPicker;
			productName = ZHNInputViewPicker;
			productReference = CDE6E5321B955D4900A56441 /* ZHNInputViewPicker.app */;
			productType = "com.apple.product-type.application";
		};
		CDE6E54A1B955D4A00A56441 /* ZHNInputViewPickerTests */ = {
			isa = PBXNativeTarget;
			buildConfigurationList = CDE6E5581B955D4A00A56441 /* Build configuration list for PBXNativeTarget "ZHNInputViewPickerTests" */;
			buildPhases = (
				CDE6E5471B955D4A00A56441 /* Sources */,
				CDE6E5481B955D4A00A56441 /* Frameworks */,
				CDE6E5491B955D4A00A56441 /* Resources */,
			);
			buildRules = (
			);
			dependencies = (
				CDE6E54D1B955D4A00A56441 /* PBXTargetDependency */,
			);
			name = ZHNInputViewPickerTests;
			productName = ZHNInputViewPickerTests;
			productReference = CDE6E54B1B955D4A00A56441 /* ZHNInputViewPickerTests.xctest */;
			productType = "com.apple.product-type.bundle.unit-test";
		};
/* End PBXNativeTarget section */

/* Begin PBXProject section */
		CDE6E52A1B955D4900A56441 /* Project object */ = {
			isa = PBXProject;
			attributes = {
				LastUpgradeCheck = 0640;
				ORGANIZATIONNAME = zhn;
				TargetAttributes = {
					CDE6E5311B955D4900A56441 = {
						CreatedOnToolsVersion = 6.4;
					};
					CDE6E54A1B955D4A00A56441 = {
						CreatedOnToolsVersion = 6.4;
						TestTargetID = CDE6E5311B955D4900A56441;
					};
				};
			};
			buildConfigurationList = CDE6E52D1B955D4900A56441 /* Build configuration list for PBXProject "ZHNInputViewPicker" */;
			compatibilityVersion = "Xcode 3.2";
			developmentRegion = English;
			hasScannedForEncodings = 0;
			knownRegions = (
				en,
				Base,
			);
			mainGroup = CDE6E5291B955D4900A56441;
			productRefGroup = CDE6E5331B955D4900A56441 /* Products */;
			projectDirPath = "";
			projectRoot = "";
			targets = (
				CDE6E5311B955D4900A56441 /* ZHNInputViewPicker */,
				CDE6E54A1B955D4A00A56441 /* ZHNInputViewPickerTests */,
			);
		};
/* End PBXProject section */

/* Begin PBXResourcesBuildPhase section */
		CDE6E5301B955D4900A56441 /* Resources */ = {
			isa = PBXResourcesBuildPhase;
			buildActionMask = 2147483647;
			files = (
				CDE6E5411B955D4900A56441 /* Main.storyboard in Resources */,
				CDE6E5461B955D4900A56441 /* LaunchScreen.xib in Resources */,
				CDE6E5431B955D4900A56441 /* Images.xcassets in Resources */,
			);
			runOnlyForDeploymentPostprocessing = 0;
		};
		CDE6E5491B955D4A00A56441 /* Resources */ = {
			isa = PBXResourcesBuildPhase;
			buildActionMask = 2147483647;
			files = (
			);
			runOnlyForDeploymentPostprocessing = 0;
		};
/* End PBXResourcesBuildPhase section */

/* Begin PBXShellScriptBuildPhase section */
		18E352D8ADBE6DFE37D91C5D /* Copy Pods Resources */ = {
			isa = PBXShellScriptBuildPhase;
			buildActionMask = 2147483647;
			files = (
			);
			inputPaths = (
			);
			name = "Copy Pods Resources";
			outputPaths = (
			);
			runOnlyForDeploymentPostprocessing = 0;
			shellPath = /bin/sh;
			shellScript = "\"${SRCROOT}/Pods/Target Support Files/Pods/Pods-resources.sh\"\n";
			showEnvVarsInLog = 0;
		};
		64ECA65F716316DB06622050 /* Check Pods Manifest.lock */ = {
			isa = PBXShellScriptBuildPhase;
			buildActionMask = 2147483647;
			files = (
			);
			inputPaths = (
			);
			name = "Check Pods Manifest.lock";
			outputPaths = (
			);
			runOnlyForDeploymentPostprocessing = 0;
			shellPath = /bin/sh;
			shellScript = "diff \"${PODS_ROOT}/../Podfile.lock\" \"${PODS_ROOT}/Manifest.lock\" > /dev/null\nif [[ $? != 0 ]] ; then\n    cat << EOM\nerror: The sandbox is not in sync with the Podfile.lock. Run 'pod install' or update your CocoaPods installation.\nEOM\n    exit 1\nfi\n";
			showEnvVarsInLog = 0;
		};
/* End PBXShellScriptBuildPhase section */

/* Begin PBXSourcesBuildPhase section */
		CDE6E52E1B955D4900A56441 /* Sources */ = {
			isa = PBXSourcesBuildPhase;
			buildActionMask = 2147483647;
			files = (
				CDE6E53E1B955D4900A56441 /* ViewController.m in Sources */,
				CDE6E53B1B955D4900A56441 /* AppDelegate.m in Sources */,
				CDE6E5381B955D4900A56441 /* main.m in Sources */,
			);
			runOnlyForDeploymentPostprocessing = 0;
		};
		CDE6E5471B955D4A00A56441 /* Sources */ = {
			isa = PBXSourcesBuildPhase;
			buildActionMask = 2147483647;
			files = (
				CDE6E5521B955D4A00A56441 /* ZHNInputViewPickerTests.m in Sources */,
			);
			runOnlyForDeploymentPostprocessing = 0;
		};
/* End PBXSourcesBuildPhase section */

/* Begin PBXTargetDependency section */
		CDE6E54D1B955D4A00A56441 /* PBXTargetDependency */ = {
			isa = PBXTargetDependency;
			target = CDE6E5311B955D4900A56441 /* ZHNInputViewPicker */;
			targetProxy = CDE6E54C1B955D4A00A56441 /* PBXContainerItemProxy */;
		};
/* End PBXTargetDependency section */

/* Begin PBXVariantGroup section */
		CDE6E53F1B955D4900A56441 /* Main.storyboard */ = {
			isa = PBXVariantGroup;
			children = (
				CDE6E5401B955D4900A56441 /* Base */,
			);
			name = Main.storyboard;
			sourceTree = "<group>";
		};
		CDE6E5441B955D4900A56441 /* LaunchScreen.xib */ = {
			isa = PBXVariantGroup;
			children = (
				CDE6E5451B955D4900A56441 /* Base */,
			);
			name = LaunchScreen.xib;
			sourceTree = "<group>";
		};
/* End PBXVariantGroup section */

/* Begin XCBuildConfiguration section */
		CDE6E5531B955D4A00A56441 /* Debug */ = {
			isa = XCBuildConfiguration;
			buildSettings = {
				ALWAYS_SEARCH_USER_PATHS = NO;
				CLANG_CXX_LANGUAGE_STANDARD = "gnu++0x";
				CLANG_CXX_LIBRARY = "libc++";
				CLANG_ENABLE_MODULES = YES;
				CLANG_ENABLE_OBJC_ARC = YES;
				CLANG_WARN_BOOL_CONVERSION = YES;
				CLANG_WARN_CONSTANT_CONVERSION = YES;
				CLANG_WARN_DIRECT_OBJC_ISA_USAGE = YES_ERROR;
				CLANG_WARN_EMPTY_BODY = YES;
				CLANG_WARN_ENUM_CONVERSION = YES;
				CLANG_WARN_INT_CONVERSION = YES;
				CLANG_WARN_OBJC_ROOT_CLASS = YES_ERROR;
				CLANG_WARN_UNREACHABLE_CODE = YES;
				CLANG_WARN__DUPLICATE_METHOD_MATCH = YES;
				"CODE_SIGN_IDENTITY[sdk=iphoneos*]" = "iPhone Developer";
				COPY_PHASE_STRIP = NO;
				DEBUG_INFORMATION_FORMAT = "dwarf-with-dsym";
				ENABLE_STRICT_OBJC_MSGSEND = YES;
				GCC_C_LANGUAGE_STANDARD = gnu99;
				GCC_DYNAMIC_NO_PIC = NO;
				GCC_NO_COMMON_BLOCKS = YES;
				GCC_OPTIMIZATION_LEVEL = 0;
				GCC_PREPROCESSOR_DEFINITIONS = (
					"DEBUG=1",
					"$(inherited)",
				);
				GCC_SYMBOLS_PRIVATE_EXTERN = NO;
				GCC_WARN_64_TO_32_BIT_CONVERSION = YES;
				GCC_WARN_ABOUT_RETURN_TYPE = YES_ERROR;
				GCC_WARN_UNDECLARED_SELECTOR = YES;
				GCC_WARN_UNINITIALIZED_AUTOS = YES_AGGRESSIVE;
				GCC_WARN_UNUSED_FUNCTION = YES;
				GCC_WARN_UNUSED_VARIABLE = YES;
				IPHONEOS_DEPLOYMENT_TARGET = 8.4;
				MTL_ENABLE_DEBUG_INFO = YES;
				ONLY_ACTIVE_ARCH = YES;
				SDKROOT = iphoneos;
			};
			name = Debug;
		};
		CDE6E5541B955D4A00A56441 /* Release */ = {
			isa = XCBuildConfiguration;
			buildSettings = {
				ALWAYS_SEARCH_USER_PATHS = NO;
				CLANG_CXX_LANGUAGE_STANDARD = "gnu++0x";
				CLANG_CXX_LIBRARY = "libc++";
				CLANG_ENABLE_MODULES = YES;
				CLANG_ENABLE_OBJC_ARC = YES;
				CLANG_WARN_BOOL_CONVERSION = YES;
				CLANG_WARN_CONSTANT_CONVERSION = YES;
				CLANG_WARN_DIRECT_OBJC_ISA_USAGE = YES_ERROR;
				CLANG_WARN_EMPTY_BODY = YES;
				CLANG_WARN_ENUM_CONVERSION = YES;
				CLANG_WARN_INT_CONVERSION = YES;
				CLANG_WARN_OBJC_ROOT_CLASS = YES_ERROR;
				CLANG_WARN_UNREACHABLE_CODE = YES;
				CLANG_WARN__DUPLICATE_METHOD_MATCH = YES;
				"CODE_SIGN_IDENTITY[sdk=iphoneos*]" = "iPhone Developer";
				COPY_PHASE_STRIP = NO;
				DEBUG_INFORMATION_FORMAT = "dwarf-with-dsym";
				ENABLE_NS_ASSERTIONS = NO;
				ENABLE_STRICT_OBJC_MSGSEND = YES;
				GCC_C_LANGUAGE_STANDARD = gnu99;
				GCC_NO_COMMON_BLOCKS = YES;
				GCC_WARN_64_TO_32_BIT_CONVERSION = YES;
				GCC_WARN_ABOUT_RETURN_TYPE = YES_ERROR;
				GCC_WARN_UNDECLARED_SELECTOR = YES;
				GCC_WARN_UNINITIALIZED_AUTOS = YES_AGGRESSIVE;
				GCC_WARN_UNUSED_FUNCTION = YES;
				GCC_WARN_UNUSED_VARIABLE = YES;
				IPHONEOS_DEPLOYMENT_TARGET = 8.4;
				MTL_ENABLE_DEBUG_INFO = NO;
				SDKROOT = iphoneos;
				VALIDATE_PRODUCT = YES;
			};
			name = Release;
		};
		CDE6E5561B955D4A00A56441 /* Debug */ = {
			isa = XCBuildConfiguration;
			baseConfigurationReference = 4A7C8017CA14F0E34BB52069 /* Pods.debug.xcconfig */;
			buildSettings = {
				ASSETCATALOG_COMPILER_APPICON_NAME = AppIcon;
				INFOPLIST_FILE = ZHNInputViewPicker/Info.plist;
				LD_RUNPATH_SEARCH_PATHS = "$(inherited) @executable_path/Frameworks";
				PRODUCT_NAME = "$(TARGET_NAME)";
			};
			name = Debug;
		};
		CDE6E5571B955D4A00A56441 /* Release */ = {
			isa = XCBuildConfiguration;
			baseConfigurationReference = 434F142FB4CCCF672B3F09EC /* Pods.release.xcconfig */;
			buildSettings = {
				ASSETCATALOG_COMPILER_APPICON_NAME = AppIcon;
				INFOPLIST_FILE = ZHNInputViewPicker/Info.plist;
				LD_RUNPATH_SEARCH_PATHS = "$(inherited) @executable_path/Frameworks";
				PRODUCT_NAME = "$(TARGET_NAME)";
			};
			name = Release;
		};
		CDE6E5591B955D4A00A56441 /* Debug */ = {
			isa = XCBuildConfiguration;
			buildSettings = {
				BUNDLE_LOADER = "$(TEST_HOST)";
				FRAMEWORK_SEARCH_PATHS = (
					"$(SDKROOT)/Developer/Library/Frameworks",
					"$(inherited)",
				);
				GCC_PREPROCESSOR_DEFINITIONS = (
					"DEBUG=1",
					"$(inherited)",
				);
				INFOPLIST_FILE = ZHNInputViewPickerTests/Info.plist;
				LD_RUNPATH_SEARCH_PATHS = "$(inherited) @executable_path/Frameworks @loader_path/Frameworks";
				PRODUCT_NAME = "$(TARGET_NAME)";
				TEST_HOST = "$(BUILT_PRODUCTS_DIR)/ZHNInputViewPicker.app/ZHNInputViewPicker";
			};
			name = Debug;
		};
		CDE6E55A1B955D4A00A56441 /* Release */ = {
			isa = XCBuildConfiguration;
			buildSettings = {
				BUNDLE_LOADER = "$(TEST_HOST)";
				FRAMEWORK_SEARCH_PATHS = (
					"$(SDKROOT)/Developer/Library/Frameworks",
					"$(inherited)",
				);
				INFOPLIST_FILE = ZHNInputViewPickerTests/Info.plist;
				LD_RUNPATH_SEARCH_PATHS = "$(inherited) @executable_path/Frameworks @loader_path/Frameworks";
				PRODUCT_NAME = "$(TARGET_NAME)";
				TEST_HOST = "$(BUILT_PRODUCTS_DIR)/ZHNInputViewPicker.app/ZHNInputViewPicker";
			};
			name = Release;
		};
/* End XCBuildConfiguration section */

/* Begin XCConfigurationList section */
		CDE6E52D1B955D4900A56441 /* Build configuration list for PBXProject "ZHNInputViewPicker" */ = {
			isa = XCConfigurationList;
			buildConfigurations = (
				CDE6E5531B955D4A00A56441 /* Debug */,
				CDE6E5541B955D4A00A56441 /* Release */,
			);
			defaultConfigurationIsVisible = 0;
			defaultConfigurationName = Release;
		};
		CDE6E5551B955D4A00A56441 /* Build configuration list for PBXNativeTarget "ZHNInputViewPicker" */ = {
			isa = XCConfigurationList;
			buildConfigurations = (
				CDE6E5561B955D4A00A56441 /* Debug */,
				CDE6E5571B955D4A00A56441 /* Release */,
			);
			defaultConfigurationIsVisible = 0;
			defaultConfigurationName = Release;
		};
		CDE6E5581B955D4A00A56441 /* Build configuration list for PBXNativeTarget "ZHNInputViewPickerTests" */ = {
			isa = XCConfigurationList;
			buildConfigurations = (
				CDE6E5591B955D4A00A56441 /* Debug */,
				CDE6E55A1B955D4A00A56441 /* Release */,
			);
			defaultConfigurationIsVisible = 0;
			defaultConfigurationName = Release;
		};
/* End XCConfigurationList section */
	};
	rootObject = CDE6E52A1B955D4900A56441 /* Project object */;
}
